
Microsoft Visual Studio Solution File, Format Version 12.00
# Visual Studio Version 16
VisualStudioVersion = 16.0.29025.244
MinimumVisualStudioVersion = 10.0.40219.1
Project("{FAE04EC0-301F-11D3-BF4B-00C04F79EFBC}") = "ImageScraper", "ImageScraper\ImageScraper.csproj", "{9236A4F8-A759-477A-8415-16CBF79E671D}"
EndProject
Global
	GlobalSection(SolutionConfigurationPlatforms) = preSolution
		Debug|Any CPU = Debug|Any CPU
		Release|Any CPU = Release|Any CPU
	EndGlobalSection
	GlobalSection(ProjectConfigurationPlatforms) = postSolution
		{9236A4F8-A759-477A-8415-16CBF79E671D}.Debug|Any CPU.ActiveCfg = Debug|Any CPU
		{9236A4F8-A759-477A-8415-16CBF79E671D}.Debug|Any CPU.Build.0 = Debug|Any CPU
		{9236A4F8-A759-477A-8415-16CBF79E671D}.Release|Any CPU.ActiveCfg = Release|Any CPU
		{9236A4F8-A759-477A-8415-16CBF79E671D}.Release|Any CPU.Build.0 = Release|Any CPU
	EndGlobalSection
	GlobalSection(SolutionProperties) = preSolution
		HideSolutionNode = FALSE
	EndGlobalSection
	GlobalSection(ExtensibilityGlobals) = postSolution
		SolutionGuid = {F728CA5E-7020-4707-8EFF-1EA62AAA0186}
	EndGlobalSection
EndGlobal
